// !$*UTF8*$!
{
	archiveVersion = 1;
	classes = {
	};
	objectVersion = 56;
	objects = {

/* Begin PBXBuildFile section */
		A01FF53E2BE473AC005A5F63 /* WebService.swift in Sources */ = {isa = PBXBuildFile; fileRef = A01FF53D2BE473AC005A5F63 /* WebService.swift */; };
		A01FF53F2BE473AC005A5F63 /* WebService.swift in Sources */ = {isa = PBXBuildFile; fileRef = A01FF53D2BE473AC005A5F63 /* WebService.swift */; };
		A01FF5402BE473AC005A5F63 /* WebService.swift in Sources */ = {isa = PBXBuildFile; fileRef = A01FF53D2BE473AC005A5F63 /* WebService.swift */; };
		A01FF5422BE4795A005A5F63 /* Interstitial.swift in Sources */ = {isa = PBXBuildFile; fileRef = A01FF5412BE4795A005A5F63 /* Interstitial.swift */; };
		A01FF5432BE4795A005A5F63 /* Interstitial.swift in Sources */ = {isa = PBXBuildFile; fileRef = A01FF5412BE4795A005A5F63 /* Interstitial.swift */; };
		A01FF5442BE4795A005A5F63 /* Interstitial.swift in Sources */ = {isa = PBXBuildFile; fileRef = A01FF5412BE4795A005A5F63 /* Interstitial.swift */; };
		A01FF5462BE48623005A5F63 /* DismissButton.swift in Sources */ = {isa = PBXBuildFile; fileRef = A01FF5452BE48623005A5F63 /* DismissButton.swift */; };
		A01FF5472BE48623005A5F63 /* DismissButton.swift in Sources */ = {isa = PBXBuildFile; fileRef = A01FF5452BE48623005A5F63 /* DismissButton.swift */; };
		A01FF5482BE48623005A5F63 /* DismissButton.swift in Sources */ = {isa = PBXBuildFile; fileRef = A01FF5452BE48623005A5F63 /* DismissButton.swift */; };
		A01FF54A2BE4A39B005A5F63 /* Environment.swift in Sources */ = {isa = PBXBuildFile; fileRef = A01FF5492BE4A39B005A5F63 /* Environment.swift */; };
		A01FF54B2BE4A531005A5F63 /* Environment.swift in Sources */ = {isa = PBXBuildFile; fileRef = A01FF5492BE4A39B005A5F63 /* Environment.swift */; };
		A01FF54C2BE4A532005A5F63 /* Environment.swift in Sources */ = {isa = PBXBuildFile; fileRef = A01FF5492BE4A39B005A5F63 /* Environment.swift */; };
		A02CFFAA2BE1987F0086B93B /* SymbolPicker.swift in Sources */ = {isa = PBXBuildFile; fileRef = A02CFFA92BE1987F0086B93B /* SymbolPicker.swift */; };
		A02CFFAB2BE1987F0086B93B /* SymbolPicker.swift in Sources */ = {isa = PBXBuildFile; fileRef = A02CFFA92BE1987F0086B93B /* SymbolPicker.swift */; };
		A02CFFAC2BE1987F0086B93B /* SymbolPicker.swift in Sources */ = {isa = PBXBuildFile; fileRef = A02CFFA92BE1987F0086B93B /* SymbolPicker.swift */; };
		A02CFFAE2BE1F7010086B93B /* SymbolPickerButton.swift in Sources */ = {isa = PBXBuildFile; fileRef = A02CFFAD2BE1F7010086B93B /* SymbolPickerButton.swift */; };
		A02CFFAF2BE1F7010086B93B /* SymbolPickerButton.swift in Sources */ = {isa = PBXBuildFile; fileRef = A02CFFAD2BE1F7010086B93B /* SymbolPickerButton.swift */; };
		A02CFFB02BE1F7010086B93B /* SymbolPickerButton.swift in Sources */ = {isa = PBXBuildFile; fileRef = A02CFFAD2BE1F7010086B93B /* SymbolPickerButton.swift */; };
		A02CFFB22BE1F7110086B93B /* ToggleDatePicker.swift in Sources */ = {isa = PBXBuildFile; fileRef = A02CFFB12BE1F7110086B93B /* ToggleDatePicker.swift */; };
		A02CFFB32BE1F7110086B93B /* ToggleDatePicker.swift in Sources */ = {isa = PBXBuildFile; fileRef = A02CFFB12BE1F7110086B93B /* ToggleDatePicker.swift */; };
		A02CFFB42BE1F7110086B93B /* ToggleDatePicker.swift in Sources */ = {isa = PBXBuildFile; fileRef = A02CFFB12BE1F7110086B93B /* ToggleDatePicker.swift */; };
		A02CFFB62BE1F7200086B93B /* ToggleTextField.swift in Sources */ = {isa = PBXBuildFile; fileRef = A02CFFB52BE1F7200086B93B /* ToggleTextField.swift */; };
		A02CFFB72BE1F7210086B93B /* ToggleTextField.swift in Sources */ = {isa = PBXBuildFile; fileRef = A02CFFB52BE1F7200086B93B /* ToggleTextField.swift */; };
		A02CFFB82BE1F7210086B93B /* ToggleTextField.swift in Sources */ = {isa = PBXBuildFile; fileRef = A02CFFB52BE1F7200086B93B /* ToggleTextField.swift */; };
		A02CFFBA2BE1F7390086B93B /* TogglePicker+Generic.swift in Sources */ = {isa = PBXBuildFile; fileRef = A02CFFB92BE1F7390086B93B /* TogglePicker+Generic.swift */; };
		A02CFFBB2BE1F7390086B93B /* TogglePicker+Generic.swift in Sources */ = {isa = PBXBuildFile; fileRef = A02CFFB92BE1F7390086B93B /* TogglePicker+Generic.swift */; };
		A02CFFBC2BE1F7390086B93B /* TogglePicker+Generic.swift in Sources */ = {isa = PBXBuildFile; fileRef = A02CFFB92BE1F7390086B93B /* TogglePicker+Generic.swift */; };
		A02CFFBE2BE289D50086B93B /* Test.swift in Sources */ = {isa = PBXBuildFile; fileRef = A02CFFBD2BE289D50086B93B /* Test.swift */; };
		A02CFFBF2BE289F20086B93B /* Test.swift in Sources */ = {isa = PBXBuildFile; fileRef = A02CFFBD2BE289D50086B93B /* Test.swift */; };
		A02CFFC02BE289F20086B93B /* Test.swift in Sources */ = {isa = PBXBuildFile; fileRef = A02CFFBD2BE289D50086B93B /* Test.swift */; };
		A02CFFC22BE2FE9B0086B93B /* SimpleFilter.swift in Sources */ = {isa = PBXBuildFile; fileRef = A02CFFC12BE2FE9B0086B93B /* SimpleFilter.swift */; };
		A02CFFC32BE2FE9B0086B93B /* SimpleFilter.swift in Sources */ = {isa = PBXBuildFile; fileRef = A02CFFC12BE2FE9B0086B93B /* SimpleFilter.swift */; };
		A02CFFC42BE2FE9B0086B93B /* SimpleFilter.swift in Sources */ = {isa = PBXBuildFile; fileRef = A02CFFC12BE2FE9B0086B93B /* SimpleFilter.swift */; };
		A02CFFCA2BE3201C0086B93B /* ToggleButton.swift in Sources */ = {isa = PBXBuildFile; fileRef = A02CFFC92BE3201C0086B93B /* ToggleButton.swift */; };
		A02CFFCB2BE3201C0086B93B /* ToggleButton.swift in Sources */ = {isa = PBXBuildFile; fileRef = A02CFFC92BE3201C0086B93B /* ToggleButton.swift */; };
		A02CFFCC2BE3201C0086B93B /* ToggleButton.swift in Sources */ = {isa = PBXBuildFile; fileRef = A02CFFC92BE3201C0086B93B /* ToggleButton.swift */; };
		A02CFFCE2BE3EFC80086B93B /* ConditionalView+Generic.swift in Sources */ = {isa = PBXBuildFile; fileRef = A02CFFCD2BE3EFC80086B93B /* ConditionalView+Generic.swift */; };
		A02CFFCF2BE3EFC80086B93B /* ConditionalView+Generic.swift in Sources */ = {isa = PBXBuildFile; fileRef = A02CFFCD2BE3EFC80086B93B /* ConditionalView+Generic.swift */; };
		A02CFFD02BE3EFC80086B93B /* ConditionalView+Generic.swift in Sources */ = {isa = PBXBuildFile; fileRef = A02CFFCD2BE3EFC80086B93B /* ConditionalView+Generic.swift */; };
		A04ED5B82BD72635007703DD /* UpkeepApp.swift in Sources */ = {isa = PBXBuildFile; fileRef = A04ED5B72BD72635007703DD /* UpkeepApp.swift */; };
		A04ED5BA2BD72635007703DD /* Home.swift in Sources */ = {isa = PBXBuildFile; fileRef = A04ED5B92BD72635007703DD /* Home.swift */; };
		A04ED5BE2BD72636007703DD /* Assets.xcassets in Resources */ = {isa = PBXBuildFile; fileRef = A04ED5BD2BD72636007703DD /* Assets.xcassets */; };
		A04ED5C12BD72636007703DD /* Preview Assets.xcassets in Resources */ = {isa = PBXBuildFile; fileRef = A04ED5C02BD72636007703DD /* Preview Assets.xcassets */; };
		A04ED5CB2BD72639007703DD /* UpkeepTests.swift in Sources */ = {isa = PBXBuildFile; fileRef = A04ED5CA2BD72639007703DD /* UpkeepTests.swift */; };
		A04ED5D52BD72639007703DD /* UpkeepUITests.swift in Sources */ = {isa = PBXBuildFile; fileRef = A04ED5D42BD72639007703DD /* UpkeepUITests.swift */; };
		A04ED5D72BD72639007703DD /* UpkeepUITestsLaunchTests.swift in Sources */ = {isa = PBXBuildFile; fileRef = A04ED5D62BD72639007703DD /* UpkeepUITestsLaunchTests.swift */; };
		A04ED5EE2BD73E36007703DD /* Models.swift in Sources */ = {isa = PBXBuildFile; fileRef = A04ED5ED2BD73E36007703DD /* Models.swift */; };
		A04ED5F02BDC402B007703DD /* Gallery.swift in Sources */ = {isa = PBXBuildFile; fileRef = A04ED5EF2BDC402B007703DD /* Gallery.swift */; };
		A04ED5F42BDC644B007703DD /* Detail.swift in Sources */ = {isa = PBXBuildFile; fileRef = A04ED5F32BDC644B007703DD /* Detail.swift */; };
		A04ED5FC2BDEE624007703DD /* Filters.swift in Sources */ = {isa = PBXBuildFile; fileRef = A04ED5FB2BDEE624007703DD /* Filters.swift */; };
		A04ED5FD2BDEE6FA007703DD /* Filters.swift in Sources */ = {isa = PBXBuildFile; fileRef = A04ED5FB2BDEE624007703DD /* Filters.swift */; };
		A04ED5FE2BDEE6FA007703DD /* Filters.swift in Sources */ = {isa = PBXBuildFile; fileRef = A04ED5FB2BDEE624007703DD /* Filters.swift */; };
		A04ED5FF2BDEE800007703DD /* Models.swift in Sources */ = {isa = PBXBuildFile; fileRef = A04ED5ED2BD73E36007703DD /* Models.swift */; };
		A04ED6002BDEE800007703DD /* Models.swift in Sources */ = {isa = PBXBuildFile; fileRef = A04ED5ED2BD73E36007703DD /* Models.swift */; };
		A04ED6012BDEF99C007703DD /* Gallery.swift in Sources */ = {isa = PBXBuildFile; fileRef = A04ED5EF2BDC402B007703DD /* Gallery.swift */; };
		A04ED6022BDEF99C007703DD /* Gallery.swift in Sources */ = {isa = PBXBuildFile; fileRef = A04ED5EF2BDC402B007703DD /* Gallery.swift */; };
		A04ED6032BDEF9A1007703DD /* Detail.swift in Sources */ = {isa = PBXBuildFile; fileRef = A04ED5F32BDC644B007703DD /* Detail.swift */; };
		A04ED6042BDEF9A1007703DD /* Detail.swift in Sources */ = {isa = PBXBuildFile; fileRef = A04ED5F32BDC644B007703DD /* Detail.swift */; };
		A04ED6072BDEF9A7007703DD /* Home.swift in Sources */ = {isa = PBXBuildFile; fileRef = A04ED5B92BD72635007703DD /* Home.swift */; };
		A04ED6082BDEF9A7007703DD /* Home.swift in Sources */ = {isa = PBXBuildFile; fileRef = A04ED5B92BD72635007703DD /* Home.swift */; };
		A04ED60A2BDEFB09007703DD /* Item.swift in Sources */ = {isa = PBXBuildFile; fileRef = A04ED6092BDEFB09007703DD /* Item.swift */; };
		A04ED60B2BDEFB15007703DD /* Item.swift in Sources */ = {isa = PBXBuildFile; fileRef = A04ED6092BDEFB09007703DD /* Item.swift */; };
		A04ED60C2BDEFB15007703DD /* Item.swift in Sources */ = {isa = PBXBuildFile; fileRef = A04ED6092BDEFB09007703DD /* Item.swift */; };
		A04ED60E2BDF21AE007703DD /* WebView.swift in Sources */ = {isa = PBXBuildFile; fileRef = A04ED60D2BDF21AE007703DD /* WebView.swift */; };
		A04ED60F2BDF21E5007703DD /* WebView.swift in Sources */ = {isa = PBXBuildFile; fileRef = A04ED60D2BDF21AE007703DD /* WebView.swift */; };
		A04ED6102BDF21E6007703DD /* WebView.swift in Sources */ = {isa = PBXBuildFile; fileRef = A04ED60D2BDF21AE007703DD /* WebView.swift */; };
		A04ED6122BDF220B007703DD /* ManualEditor.swift in Sources */ = {isa = PBXBuildFile; fileRef = A04ED6112BDF220B007703DD /* ManualEditor.swift */; };
		A04ED6132BDF220B007703DD /* ManualEditor.swift in Sources */ = {isa = PBXBuildFile; fileRef = A04ED6112BDF220B007703DD /* ManualEditor.swift */; };
		A04ED6142BDF220B007703DD /* ManualEditor.swift in Sources */ = {isa = PBXBuildFile; fileRef = A04ED6112BDF220B007703DD /* ManualEditor.swift */; };
		A04ED6162BDF222A007703DD /* PDFKit.swift in Sources */ = {isa = PBXBuildFile; fileRef = A04ED6152BDF222A007703DD /* PDFKit.swift */; };
		A04ED6172BDF222A007703DD /* PDFKit.swift in Sources */ = {isa = PBXBuildFile; fileRef = A04ED6152BDF222A007703DD /* PDFKit.swift */; };
		A04ED6182BDF222A007703DD /* PDFKit.swift in Sources */ = {isa = PBXBuildFile; fileRef = A04ED6152BDF222A007703DD /* PDFKit.swift */; };
		A04ED61A2BDF2246007703DD /* Browser.swift in Sources */ = {isa = PBXBuildFile; fileRef = A04ED6192BDF2246007703DD /* Browser.swift */; };
		A04ED61B2BDF2246007703DD /* Browser.swift in Sources */ = {isa = PBXBuildFile; fileRef = A04ED6192BDF2246007703DD /* Browser.swift */; };
		A04ED61C2BDF2246007703DD /* Browser.swift in Sources */ = {isa = PBXBuildFile; fileRef = A04ED6192BDF2246007703DD /* Browser.swift */; };
		A04ED61E2BDF2375007703DD /* PDFViewer.swift in Sources */ = {isa = PBXBuildFile; fileRef = A04ED61D2BDF2375007703DD /* PDFViewer.swift */; };
		A04ED61F2BDF2375007703DD /* PDFViewer.swift in Sources */ = {isa = PBXBuildFile; fileRef = A04ED61D2BDF2375007703DD /* PDFViewer.swift */; };
		A04ED6202BDF2375007703DD /* PDFViewer.swift in Sources */ = {isa = PBXBuildFile; fileRef = A04ED61D2BDF2375007703DD /* PDFViewer.swift */; };
		A04ED6222BDF2505007703DD /* Upkeep+Ext.swift in Sources */ = {isa = PBXBuildFile; fileRef = A04ED6212BDF2505007703DD /* Upkeep+Ext.swift */; };
		A04ED6232BDF2505007703DD /* Upkeep+Ext.swift in Sources */ = {isa = PBXBuildFile; fileRef = A04ED6212BDF2505007703DD /* Upkeep+Ext.swift */; };
		A04ED6242BDF2505007703DD /* Upkeep+Ext.swift in Sources */ = {isa = PBXBuildFile; fileRef = A04ED6212BDF2505007703DD /* Upkeep+Ext.swift */; };
		A04ED6262BDF2A17007703DD /* ManualItem.swift in Sources */ = {isa = PBXBuildFile; fileRef = A04ED6252BDF2A17007703DD /* ManualItem.swift */; };
		A04ED6272BDF2A17007703DD /* ManualItem.swift in Sources */ = {isa = PBXBuildFile; fileRef = A04ED6252BDF2A17007703DD /* ManualItem.swift */; };
		A04ED6282BDF2A17007703DD /* ManualItem.swift in Sources */ = {isa = PBXBuildFile; fileRef = A04ED6252BDF2A17007703DD /* ManualItem.swift */; };
		A0D66B432BE152B90045AE66 /* UpkeepApp.swift in Sources */ = {isa = PBXBuildFile; fileRef = A04ED5B72BD72635007703DD /* UpkeepApp.swift */; };
		A0D66B442BE152BA0045AE66 /* UpkeepApp.swift in Sources */ = {isa = PBXBuildFile; fileRef = A04ED5B72BD72635007703DD /* UpkeepApp.swift */; };
/* End PBXBuildFile section */

/* Begin PBXContainerItemProxy section */
		A04ED5C72BD72639007703DD /* PBXContainerItemProxy */ = {
			isa = PBXContainerItemProxy;
			containerPortal = A04ED5AC2BD72635007703DD /* Project object */;
			proxyType = 1;
			remoteGlobalIDString = A04ED5B32BD72635007703DD;
			remoteInfo = Upkeep;
		};
		A04ED5D12BD72639007703DD /* PBXContainerItemProxy */ = {
			isa = PBXContainerItemProxy;
			containerPortal = A04ED5AC2BD72635007703DD /* Project object */;
			proxyType = 1;
			remoteGlobalIDString = A04ED5B32BD72635007703DD;
			remoteInfo = Upkeep;
		};
/* End PBXContainerItemProxy section */

/* Begin PBXFileReference section */
		A01FF53D2BE473AC005A5F63 /* WebService.swift */ = {isa = PBXFileReference; lastKnownFileType = sourcecode.swift; path = WebService.swift; sourceTree = "<group>"; };
		A01FF5412BE4795A005A5F63 /* Interstitial.swift */ = {isa = PBXFileReference; lastKnownFileType = sourcecode.swift; path = Interstitial.swift; sourceTree = "<group>"; };
		A01FF5452BE48623005A5F63 /* DismissButton.swift */ = {isa = PBXFileReference; lastKnownFileType = sourcecode.swift; path = DismissButton.swift; sourceTree = "<group>"; };
		A01FF5492BE4A39B005A5F63 /* Environment.swift */ = {isa = PBXFileReference; lastKnownFileType = sourcecode.swift; path = Environment.swift; sourceTree = "<group>"; };
		A02CFFA92BE1987F0086B93B /* SymbolPicker.swift */ = {isa = PBXFileReference; lastKnownFileType = sourcecode.swift; path = SymbolPicker.swift; sourceTree = "<group>"; };
		A02CFFAD2BE1F7010086B93B /* SymbolPickerButton.swift */ = {isa = PBXFileReference; lastKnownFileType = sourcecode.swift; path = SymbolPickerButton.swift; sourceTree = "<group>"; };
		A02CFFB12BE1F7110086B93B /* ToggleDatePicker.swift */ = {isa = PBXFileReference; lastKnownFileType = sourcecode.swift; path = ToggleDatePicker.swift; sourceTree = "<group>"; };
		A02CFFB52BE1F7200086B93B /* ToggleTextField.swift */ = {isa = PBXFileReference; lastKnownFileType = sourcecode.swift; path = ToggleTextField.swift; sourceTree = "<group>"; };
		A02CFFB92BE1F7390086B93B /* TogglePicker+Generic.swift */ = {isa = PBXFileReference; lastKnownFileType = sourcecode.swift; path = "TogglePicker+Generic.swift"; sourceTree = "<group>"; };
		A02CFFBD2BE289D50086B93B /* Test.swift */ = {isa = PBXFileReference; lastKnownFileType = sourcecode.swift; path = Test.swift; sourceTree = "<group>"; };
		A02CFFC12BE2FE9B0086B93B /* SimpleFilter.swift */ = {isa = PBXFileReference; lastKnownFileType = sourcecode.swift; path = SimpleFilter.swift; sourceTree = "<group>"; };
		A02CFFC92BE3201C0086B93B /* ToggleButton.swift */ = {isa = PBXFileReference; lastKnownFileType = sourcecode.swift; path = ToggleButton.swift; sourceTree = "<group>"; };
		A02CFFCD2BE3EFC80086B93B /* ConditionalView+Generic.swift */ = {isa = PBXFileReference; lastKnownFileType = sourcecode.swift; path = "ConditionalView+Generic.swift"; sourceTree = "<group>"; };
		A04ED5B42BD72635007703DD /* Upkeep.app */ = {isa = PBXFileReference; explicitFileType = wrapper.application; includeInIndex = 0; path = Upkeep.app; sourceTree = BUILT_PRODUCTS_DIR; };
		A04ED5B72BD72635007703DD /* UpkeepApp.swift */ = {isa = PBXFileReference; lastKnownFileType = sourcecode.swift; path = UpkeepApp.swift; sourceTree = "<group>"; };
		A04ED5B92BD72635007703DD /* Home.swift */ = {isa = PBXFileReference; lastKnownFileType = sourcecode.swift; path = Home.swift; sourceTree = "<group>"; };
		A04ED5BD2BD72636007703DD /* Assets.xcassets */ = {isa = PBXFileReference; lastKnownFileType = folder.assetcatalog; path = Assets.xcassets; sourceTree = "<group>"; };
		A04ED5C02BD72636007703DD /* Preview Assets.xcassets */ = {isa = PBXFileReference; lastKnownFileType = folder.assetcatalog; path = "Preview Assets.xcassets"; sourceTree = "<group>"; };
		A04ED5C62BD72639007703DD /* UpkeepTests.xctest */ = {isa = PBXFileReference; explicitFileType = wrapper.cfbundle; includeInIndex = 0; path = UpkeepTests.xctest; sourceTree = BUILT_PRODUCTS_DIR; };
		A04ED5CA2BD72639007703DD /* UpkeepTests.swift */ = {isa = PBXFileReference; lastKnownFileType = sourcecode.swift; path = UpkeepTests.swift; sourceTree = "<group>"; };
		A04ED5D02BD72639007703DD /* UpkeepUITests.xctest */ = {isa = PBXFileReference; explicitFileType = wrapper.cfbundle; includeInIndex = 0; path = UpkeepUITests.xctest; sourceTree = BUILT_PRODUCTS_DIR; };
		A04ED5D42BD72639007703DD /* UpkeepUITests.swift */ = {isa = PBXFileReference; lastKnownFileType = sourcecode.swift; path = UpkeepUITests.swift; sourceTree = "<group>"; };
		A04ED5D62BD72639007703DD /* UpkeepUITestsLaunchTests.swift */ = {isa = PBXFileReference; lastKnownFileType = sourcecode.swift; path = UpkeepUITestsLaunchTests.swift; sourceTree = "<group>"; };
		A04ED5ED2BD73E36007703DD /* Models.swift */ = {isa = PBXFileReference; lastKnownFileType = sourcecode.swift; path = Models.swift; sourceTree = "<group>"; };
		A04ED5EF2BDC402B007703DD /* Gallery.swift */ = {isa = PBXFileReference; lastKnownFileType = sourcecode.swift; path = Gallery.swift; sourceTree = "<group>"; };
		A04ED5F32BDC644B007703DD /* Detail.swift */ = {isa = PBXFileReference; lastKnownFileType = sourcecode.swift; path = Detail.swift; sourceTree = "<group>"; };
		A04ED5FB2BDEE624007703DD /* Filters.swift */ = {isa = PBXFileReference; lastKnownFileType = sourcecode.swift; path = Filters.swift; sourceTree = "<group>"; };
		A04ED6092BDEFB09007703DD /* Item.swift */ = {isa = PBXFileReference; lastKnownFileType = sourcecode.swift; path = Item.swift; sourceTree = "<group>"; };
		A04ED60D2BDF21AE007703DD /* WebView.swift */ = {isa = PBXFileReference; lastKnownFileType = sourcecode.swift; path = WebView.swift; sourceTree = "<group>"; };
		A04ED6112BDF220B007703DD /* ManualEditor.swift */ = {isa = PBXFileReference; lastKnownFileType = sourcecode.swift; path = ManualEditor.swift; sourceTree = "<group>"; };
		A04ED6152BDF222A007703DD /* PDFKit.swift */ = {isa = PBXFileReference; lastKnownFileType = sourcecode.swift; path = PDFKit.swift; sourceTree = "<group>"; };
		A04ED6192BDF2246007703DD /* Browser.swift */ = {isa = PBXFileReference; lastKnownFileType = sourcecode.swift; path = Browser.swift; sourceTree = "<group>"; };
		A04ED61D2BDF2375007703DD /* PDFViewer.swift */ = {isa = PBXFileReference; lastKnownFileType = sourcecode.swift; path = PDFViewer.swift; sourceTree = "<group>"; };
		A04ED6212BDF2505007703DD /* Upkeep+Ext.swift */ = {isa = PBXFileReference; lastKnownFileType = sourcecode.swift; path = "Upkeep+Ext.swift"; sourceTree = "<group>"; };
		A04ED6252BDF2A17007703DD /* ManualItem.swift */ = {isa = PBXFileReference; lastKnownFileType = sourcecode.swift; path = ManualItem.swift; sourceTree = "<group>"; };
/* End PBXFileReference section */

/* Begin PBXFrameworksBuildPhase section */
		A04ED5B12BD72635007703DD /* Frameworks */ = {
			isa = PBXFrameworksBuildPhase;
			buildActionMask = 2147483647;
			files = (
			);
			runOnlyForDeploymentPostprocessing = 0;
		};
		A04ED5C32BD72639007703DD /* Frameworks */ = {
			isa = PBXFrameworksBuildPhase;
			buildActionMask = 2147483647;
			files = (
			);
			runOnlyForDeploymentPostprocessing = 0;
		};
		A04ED5CD2BD72639007703DD /* Frameworks */ = {
			isa = PBXFrameworksBuildPhase;
			buildActionMask = 2147483647;
			files = (
			);
			runOnlyForDeploymentPostprocessing = 0;
		};
/* End PBXFrameworksBuildPhase section */

/* Begin PBXGroup section */
		A04ED5AB2BD72635007703DD = {
			isa = PBXGroup;
			children = (
				A04ED5B62BD72635007703DD /* Upkeep */,
				A04ED5C92BD72639007703DD /* UpkeepTests */,
				A04ED5D32BD72639007703DD /* UpkeepUITests */,
				A04ED5B52BD72635007703DD /* Products */,
			);
			sourceTree = "<group>";
		};
		A04ED5B52BD72635007703DD /* Products */ = {
			isa = PBXGroup;
			children = (
				A04ED5B42BD72635007703DD /* Upkeep.app */,
				A04ED5C62BD72639007703DD /* UpkeepTests.xctest */,
				A04ED5D02BD72639007703DD /* UpkeepUITests.xctest */,
			);
			name = Products;
			sourceTree = "<group>";
		};
		A04ED5B62BD72635007703DD /* Upkeep */ = {
			isa = PBXGroup;
			children = (
				A04ED6192BDF2246007703DD /* Browser.swift */,
				A02CFFCD2BE3EFC80086B93B /* ConditionalView+Generic.swift */,
				A04ED5F32BDC644B007703DD /* Detail.swift */,
				A01FF5452BE48623005A5F63 /* DismissButton.swift */,
				A04ED5FB2BDEE624007703DD /* Filters.swift */,
				A04ED5EF2BDC402B007703DD /* Gallery.swift */,
				A04ED5B92BD72635007703DD /* Home.swift */,
				A01FF5412BE4795A005A5F63 /* Interstitial.swift */,
				A04ED6092BDEFB09007703DD /* Item.swift */,
				A04ED6112BDF220B007703DD /* ManualEditor.swift */,
				A04ED6252BDF2A17007703DD /* ManualItem.swift */,
				A04ED5ED2BD73E36007703DD /* Models.swift */,
				A04ED6152BDF222A007703DD /* PDFKit.swift */,
				A04ED61D2BDF2375007703DD /* PDFViewer.swift */,
				A04ED62D2BDF510C007703DD /* Resources */,
				A02CFFC12BE2FE9B0086B93B /* SimpleFilter.swift */,
				A02CFFA92BE1987F0086B93B /* SymbolPicker.swift */,
				A02CFFAD2BE1F7010086B93B /* SymbolPickerButton.swift */,
				A02CFFBD2BE289D50086B93B /* Test.swift */,
				A02CFFC92BE3201C0086B93B /* ToggleButton.swift */,
				A02CFFB12BE1F7110086B93B /* ToggleDatePicker.swift */,
				A02CFFB92BE1F7390086B93B /* TogglePicker+Generic.swift */,
				A02CFFB52BE1F7200086B93B /* ToggleTextField.swift */,
				A04ED6212BDF2505007703DD /* Upkeep+Ext.swift */,
				A04ED5B72BD72635007703DD /* UpkeepApp.swift */,
				A01FF53D2BE473AC005A5F63 /* WebService.swift */,
				A04ED60D2BDF21AE007703DD /* WebView.swift */,
				A01FF5492BE4A39B005A5F63 /* Environment.swift */,
			);
			path = Upkeep;
			sourceTree = "<group>";
		};
		A04ED5BF2BD72636007703DD /* Preview Content */ = {
			isa = PBXGroup;
			children = (
				A04ED5C02BD72636007703DD /* Preview Assets.xcassets */,
			);
			path = "Preview Content";
			sourceTree = "<group>";
		};
		A04ED5C92BD72639007703DD /* UpkeepTests */ = {
			isa = PBXGroup;
			children = (
				A04ED5CA2BD72639007703DD /* UpkeepTests.swift */,
			);
			path = UpkeepTests;
			sourceTree = "<group>";
		};
		A04ED5D32BD72639007703DD /* UpkeepUITests */ = {
			isa = PBXGroup;
			children = (
				A04ED5D42BD72639007703DD /* UpkeepUITests.swift */,
				A04ED5D62BD72639007703DD /* UpkeepUITestsLaunchTests.swift */,
			);
			path = UpkeepUITests;
			sourceTree = "<group>";
		};
		A04ED62D2BDF510C007703DD /* Resources */ = {
			isa = PBXGroup;
			children = (
				A04ED5BD2BD72636007703DD /* Assets.xcassets */,
				A04ED5BF2BD72636007703DD /* Preview Content */,
			);
			path = Resources;
			sourceTree = "<group>";
		};
/* End PBXGroup section */

/* Begin PBXNativeTarget section */
		A04ED5B32BD72635007703DD /* Upkeep */ = {
			isa = PBXNativeTarget;
			buildConfigurationList = A04ED5DA2BD72639007703DD /* Build configuration list for PBXNativeTarget "Upkeep" */;
			buildPhases = (
				A04ED5B02BD72635007703DD /* Sources */,
				A04ED5B12BD72635007703DD /* Frameworks */,
				A04ED5B22BD72635007703DD /* Resources */,
			);
			buildRules = (
			);
			dependencies = (
			);
			name = Upkeep;
			productName = Upkeep;
			productReference = A04ED5B42BD72635007703DD /* Upkeep.app */;
			productType = "com.apple.product-type.application";
		};
		A04ED5C52BD72639007703DD /* UpkeepTests */ = {
			isa = PBXNativeTarget;
			buildConfigurationList = A04ED5DD2BD72639007703DD /* Build configuration list for PBXNativeTarget "UpkeepTests" */;
			buildPhases = (
				A04ED5C22BD72639007703DD /* Sources */,
				A04ED5C32BD72639007703DD /* Frameworks */,
				A04ED5C42BD72639007703DD /* Resources */,
			);
			buildRules = (
			);
			dependencies = (
				A04ED5C82BD72639007703DD /* PBXTargetDependency */,
			);
			name = UpkeepTests;
			productName = UpkeepTests;
			productReference = A04ED5C62BD72639007703DD /* UpkeepTests.xctest */;
			productType = "com.apple.product-type.bundle.unit-test";
		};
		A04ED5CF2BD72639007703DD /* UpkeepUITests */ = {
			isa = PBXNativeTarget;
			buildConfigurationList = A04ED5E02BD72639007703DD /* Build configuration list for PBXNativeTarget "UpkeepUITests" */;
			buildPhases = (
				A04ED5CC2BD72639007703DD /* Sources */,
				A04ED5CD2BD72639007703DD /* Frameworks */,
				A04ED5CE2BD72639007703DD /* Resources */,
			);
			buildRules = (
			);
			dependencies = (
				A04ED5D22BD72639007703DD /* PBXTargetDependency */,
			);
			name = UpkeepUITests;
			productName = UpkeepUITests;
			productReference = A04ED5D02BD72639007703DD /* UpkeepUITests.xctest */;
			productType = "com.apple.product-type.bundle.ui-testing";
		};
/* End PBXNativeTarget section */

/* Begin PBXProject section */
		A04ED5AC2BD72635007703DD /* Project object */ = {
			isa = PBXProject;
			attributes = {
				BuildIndependentTargetsInParallel = 1;
				LastSwiftUpdateCheck = 1530;
				LastUpgradeCheck = 1530;
				TargetAttributes = {
					A04ED5B32BD72635007703DD = {
						CreatedOnToolsVersion = 15.3;
					};
					A04ED5C52BD72639007703DD = {
						CreatedOnToolsVersion = 15.3;
						TestTargetID = A04ED5B32BD72635007703DD;
					};
					A04ED5CF2BD72639007703DD = {
						CreatedOnToolsVersion = 15.3;
						TestTargetID = A04ED5B32BD72635007703DD;
					};
				};
			};
			buildConfigurationList = A04ED5AF2BD72635007703DD /* Build configuration list for PBXProject "Upkeep" */;
			compatibilityVersion = "Xcode 14.0";
			developmentRegion = en;
			hasScannedForEncodings = 0;
			knownRegions = (
				en,
				Base,
			);
			mainGroup = A04ED5AB2BD72635007703DD;
			productRefGroup = A04ED5B52BD72635007703DD /* Products */;
			projectDirPath = "";
			projectRoot = "";
			targets = (
				A04ED5B32BD72635007703DD /* Upkeep */,
				A04ED5C52BD72639007703DD /* UpkeepTests */,
				A04ED5CF2BD72639007703DD /* UpkeepUITests */,
			);
		};
/* End PBXProject section */

/* Begin PBXResourcesBuildPhase section */
		A04ED5B22BD72635007703DD /* Resources */ = {
			isa = PBXResourcesBuildPhase;
			buildActionMask = 2147483647;
			files = (
				A04ED5C12BD72636007703DD /* Preview Assets.xcassets in Resources */,
				A04ED5BE2BD72636007703DD /* Assets.xcassets in Resources */,
			);
			runOnlyForDeploymentPostprocessing = 0;
		};
		A04ED5C42BD72639007703DD /* Resources */ = {
			isa = PBXResourcesBuildPhase;
			buildActionMask = 2147483647;
			files = (
			);
			runOnlyForDeploymentPostprocessing = 0;
		};
		A04ED5CE2BD72639007703DD /* Resources */ = {
			isa = PBXResourcesBuildPhase;
			buildActionMask = 2147483647;
			files = (
			);
			runOnlyForDeploymentPostprocessing = 0;
		};
/* End PBXResourcesBuildPhase section */

/* Begin PBXSourcesBuildPhase section */
		A04ED5B02BD72635007703DD /* Sources */ = {
			isa = PBXSourcesBuildPhase;
			buildActionMask = 2147483647;
			files = (
				A04ED5EE2BD73E36007703DD /* Models.swift in Sources */,
				A02CFFBE2BE289D50086B93B /* Test.swift in Sources */,
				A01FF5462BE48623005A5F63 /* DismissButton.swift in Sources */,
				A04ED60A2BDEFB09007703DD /* Item.swift in Sources */,
				A02CFFAA2BE1987F0086B93B /* SymbolPicker.swift in Sources */,
				A04ED6262BDF2A17007703DD /* ManualItem.swift in Sources */,
				A04ED6222BDF2505007703DD /* Upkeep+Ext.swift in Sources */,
				A04ED5BA2BD72635007703DD /* Home.swift in Sources */,
				A04ED6122BDF220B007703DD /* ManualEditor.swift in Sources */,
				A04ED5F42BDC644B007703DD /* Detail.swift in Sources */,
				A02CFFCE2BE3EFC80086B93B /* ConditionalView+Generic.swift in Sources */,
				A02CFFB22BE1F7110086B93B /* ToggleDatePicker.swift in Sources */,
				A04ED6162BDF222A007703DD /* PDFKit.swift in Sources */,
				A02CFFBA2BE1F7390086B93B /* TogglePicker+Generic.swift in Sources */,
				A04ED5B82BD72635007703DD /* UpkeepApp.swift in Sources */,
				A02CFFCA2BE3201C0086B93B /* ToggleButton.swift in Sources */,
				A04ED61A2BDF2246007703DD /* Browser.swift in Sources */,
				A04ED60E2BDF21AE007703DD /* WebView.swift in Sources */,
				A02CFFC22BE2FE9B0086B93B /* SimpleFilter.swift in Sources */,
				A01FF53E2BE473AC005A5F63 /* WebService.swift in Sources */,
				A02CFFB62BE1F7200086B93B /* ToggleTextField.swift in Sources */,
				A02CFFAE2BE1F7010086B93B /* SymbolPickerButton.swift in Sources */,
				A01FF54A2BE4A39B005A5F63 /* Environment.swift in Sources */,
				A01FF5422BE4795A005A5F63 /* Interstitial.swift in Sources */,
				A04ED5FC2BDEE624007703DD /* Filters.swift in Sources */,
				A04ED61E2BDF2375007703DD /* PDFViewer.swift in Sources */,
				A04ED5F02BDC402B007703DD /* Gallery.swift in Sources */,
			);
			runOnlyForDeploymentPostprocessing = 0;
		};
		A04ED5C22BD72639007703DD /* Sources */ = {
			isa = PBXSourcesBuildPhase;
			buildActionMask = 2147483647;
			files = (
				A04ED5FF2BDEE800007703DD /* Models.swift in Sources */,
				A04ED60B2BDEFB15007703DD /* Item.swift in Sources */,
				A02CFFCB2BE3201C0086B93B /* ToggleButton.swift in Sources */,
				A02CFFAB2BE1987F0086B93B /* SymbolPicker.swift in Sources */,
				A0D66B432BE152B90045AE66 /* UpkeepApp.swift in Sources */,
				A02CFFBB2BE1F7390086B93B /* TogglePicker+Generic.swift in Sources */,
				A02CFFB72BE1F7210086B93B /* ToggleTextField.swift in Sources */,
				A02CFFCF2BE3EFC80086B93B /* ConditionalView+Generic.swift in Sources */,
				A04ED6272BDF2A17007703DD /* ManualItem.swift in Sources */,
				A04ED6232BDF2505007703DD /* Upkeep+Ext.swift in Sources */,
				A02CFFAF2BE1F7010086B93B /* SymbolPickerButton.swift in Sources */,
				A04ED5CB2BD72639007703DD /* UpkeepTests.swift in Sources */,
				A04ED6132BDF220B007703DD /* ManualEditor.swift in Sources */,
				A01FF5432BE4795A005A5F63 /* Interstitial.swift in Sources */,
				A01FF53F2BE473AC005A5F63 /* WebService.swift in Sources */,
				A04ED6032BDEF9A1007703DD /* Detail.swift in Sources */,
				A04ED6172BDF222A007703DD /* PDFKit.swift in Sources */,
				A01FF54B2BE4A531005A5F63 /* Environment.swift in Sources */,
				A04ED6022BDEF99C007703DD /* Gallery.swift in Sources */,
				A04ED61B2BDF2246007703DD /* Browser.swift in Sources */,
				A02CFFB32BE1F7110086B93B /* ToggleDatePicker.swift in Sources */,
				A04ED60F2BDF21E5007703DD /* WebView.swift in Sources */,
				A02CFFC32BE2FE9B0086B93B /* SimpleFilter.swift in Sources */,
				A02CFFBF2BE289F20086B93B /* Test.swift in Sources */,
				A04ED5FD2BDEE6FA007703DD /* Filters.swift in Sources */,
				A01FF5472BE48623005A5F63 /* DismissButton.swift in Sources */,
				A04ED61F2BDF2375007703DD /* PDFViewer.swift in Sources */,
				A04ED6072BDEF9A7007703DD /* Home.swift in Sources */,
			);
			runOnlyForDeploymentPostprocessing = 0;
		};
		A04ED5CC2BD72639007703DD /* Sources */ = {
			isa = PBXSourcesBuildPhase;
			buildActionMask = 2147483647;
			files = (
				A01FF5402BE473AC005A5F63 /* WebService.swift in Sources */,
				A0D66B442BE152BA0045AE66 /* UpkeepApp.swift in Sources */,
				A01FF54C2BE4A532005A5F63 /* Environment.swift in Sources */,
				A02CFFC42BE2FE9B0086B93B /* SimpleFilter.swift in Sources */,
				A02CFFCC2BE3201C0086B93B /* ToggleButton.swift in Sources */,
				A04ED6242BDF2505007703DD /* Upkeep+Ext.swift in Sources */,
				A04ED6102BDF21E6007703DD /* WebView.swift in Sources */,
				A04ED60C2BDEFB15007703DD /* Item.swift in Sources */,
				A04ED5D72BD72639007703DD /* UpkeepUITestsLaunchTests.swift in Sources */,
				A02CFFAC2BE1987F0086B93B /* SymbolPicker.swift in Sources */,
				A02CFFBC2BE1F7390086B93B /* TogglePicker+Generic.swift in Sources */,
				A02CFFB02BE1F7010086B93B /* SymbolPickerButton.swift in Sources */,
				A01FF5442BE4795A005A5F63 /* Interstitial.swift in Sources */,
				A04ED5D52BD72639007703DD /* UpkeepUITests.swift in Sources */,
				A02CFFD02BE3EFC80086B93B /* ConditionalView+Generic.swift in Sources */,
				A01FF5482BE48623005A5F63 /* DismissButton.swift in Sources */,
				A04ED6182BDF222A007703DD /* PDFKit.swift in Sources */,
				A02CFFC02BE289F20086B93B /* Test.swift in Sources */,
				A02CFFB82BE1F7210086B93B /* ToggleTextField.swift in Sources */,
				A04ED6042BDEF9A1007703DD /* Detail.swift in Sources */,
				A04ED6282BDF2A17007703DD /* ManualItem.swift in Sources */,
				A04ED61C2BDF2246007703DD /* Browser.swift in Sources */,
				A04ED6012BDEF99C007703DD /* Gallery.swift in Sources */,
				A04ED5FE2BDEE6FA007703DD /* Filters.swift in Sources */,
				A04ED6082BDEF9A7007703DD /* Home.swift in Sources */,
				A04ED6142BDF220B007703DD /* ManualEditor.swift in Sources */,
				A04ED6202BDF2375007703DD /* PDFViewer.swift in Sources */,
				A04ED6002BDEE800007703DD /* Models.swift in Sources */,
				A02CFFB42BE1F7110086B93B /* ToggleDatePicker.swift in Sources */,
			);
			runOnlyForDeploymentPostprocessing = 0;
		};
/* End PBXSourcesBuildPhase section */

/* Begin PBXTargetDependency section */
		A04ED5C82BD72639007703DD /* PBXTargetDependency */ = {
			isa = PBXTargetDependency;
			target = A04ED5B32BD72635007703DD /* Upkeep */;
			targetProxy = A04ED5C72BD72639007703DD /* PBXContainerItemProxy */;
		};
		A04ED5D22BD72639007703DD /* PBXTargetDependency */ = {
			isa = PBXTargetDependency;
			target = A04ED5B32BD72635007703DD /* Upkeep */;
			targetProxy = A04ED5D12BD72639007703DD /* PBXContainerItemProxy */;
		};
/* End PBXTargetDependency section */

/* Begin XCBuildConfiguration section */
		A04ED5D82BD72639007703DD /* Debug */ = {
			isa = XCBuildConfiguration;
			buildSettings = {
				ALWAYS_SEARCH_USER_PATHS = NO;
				ASSETCATALOG_COMPILER_GENERATE_SWIFT_ASSET_SYMBOL_EXTENSIONS = YES;
				CLANG_ANALYZER_NONNULL = YES;
				CLANG_ANALYZER_NUMBER_OBJECT_CONVERSION = YES_AGGRESSIVE;
				CLANG_CXX_LANGUAGE_STANDARD = "gnu++20";
				CLANG_ENABLE_MODULES = YES;
				CLANG_ENABLE_OBJC_ARC = YES;
				CLANG_ENABLE_OBJC_WEAK = YES;
				CLANG_WARN_BLOCK_CAPTURE_AUTORELEASING = YES;
				CLANG_WARN_BOOL_CONVERSION = YES;
				CLANG_WARN_COMMA = YES;
				CLANG_WARN_CONSTANT_CONVERSION = YES;
				CLANG_WARN_DEPRECATED_OBJC_IMPLEMENTATIONS = YES;
				CLANG_WARN_DIRECT_OBJC_ISA_USAGE = YES_ERROR;
				CLANG_WARN_DOCUMENTATION_COMMENTS = YES;
				CLANG_WARN_EMPTY_BODY = YES;
				CLANG_WARN_ENUM_CONVERSION = YES;
				CLANG_WARN_INFINITE_RECURSION = YES;
				CLANG_WARN_INT_CONVERSION = YES;
				CLANG_WARN_NON_LITERAL_NULL_CONVERSION = YES;
				CLANG_WARN_OBJC_IMPLICIT_RETAIN_SELF = YES;
				CLANG_WARN_OBJC_LITERAL_CONVERSION = YES;
				CLANG_WARN_OBJC_ROOT_CLASS = YES_ERROR;
				CLANG_WARN_QUOTED_INCLUDE_IN_FRAMEWORK_HEADER = YES;
				CLANG_WARN_RANGE_LOOP_ANALYSIS = YES;
				CLANG_WARN_STRICT_PROTOTYPES = YES;
				CLANG_WARN_SUSPICIOUS_MOVE = YES;
				CLANG_WARN_UNGUARDED_AVAILABILITY = YES_AGGRESSIVE;
				CLANG_WARN_UNREACHABLE_CODE = YES;
				CLANG_WARN__DUPLICATE_METHOD_MATCH = YES;
				COPY_PHASE_STRIP = NO;
				DEBUG_INFORMATION_FORMAT = dwarf;
				ENABLE_STRICT_OBJC_MSGSEND = YES;
				ENABLE_TESTABILITY = YES;
				ENABLE_USER_SCRIPT_SANDBOXING = YES;
				GCC_C_LANGUAGE_STANDARD = gnu17;
				GCC_DYNAMIC_NO_PIC = NO;
				GCC_NO_COMMON_BLOCKS = YES;
				GCC_OPTIMIZATION_LEVEL = 0;
				GCC_PREPROCESSOR_DEFINITIONS = (
					"DEBUG=1",
					"$(inherited)",
				);
				GCC_WARN_64_TO_32_BIT_CONVERSION = YES;
				GCC_WARN_ABOUT_RETURN_TYPE = YES_ERROR;
				GCC_WARN_UNDECLARED_SELECTOR = YES;
				GCC_WARN_UNINITIALIZED_AUTOS = YES_AGGRESSIVE;
				GCC_WARN_UNUSED_FUNCTION = YES;
				GCC_WARN_UNUSED_VARIABLE = YES;
				IPHONEOS_DEPLOYMENT_TARGET = 17.4;
				LOCALIZATION_PREFERS_STRING_CATALOGS = YES;
				MTL_ENABLE_DEBUG_INFO = INCLUDE_SOURCE;
				MTL_FAST_MATH = YES;
				ONLY_ACTIVE_ARCH = YES;
				SDKROOT = iphoneos;
				SWIFT_ACTIVE_COMPILATION_CONDITIONS = "DEBUG $(inherited)";
				SWIFT_OPTIMIZATION_LEVEL = "-Onone";
			};
			name = Debug;
		};
		A04ED5D92BD72639007703DD /* Release */ = {
			isa = XCBuildConfiguration;
			buildSettings = {
				ALWAYS_SEARCH_USER_PATHS = NO;
				ASSETCATALOG_COMPILER_GENERATE_SWIFT_ASSET_SYMBOL_EXTENSIONS = YES;
				CLANG_ANALYZER_NONNULL = YES;
				CLANG_ANALYZER_NUMBER_OBJECT_CONVERSION = YES_AGGRESSIVE;
				CLANG_CXX_LANGUAGE_STANDARD = "gnu++20";
				CLANG_ENABLE_MODULES = YES;
				CLANG_ENABLE_OBJC_ARC = YES;
				CLANG_ENABLE_OBJC_WEAK = YES;
				CLANG_WARN_BLOCK_CAPTURE_AUTORELEASING = YES;
				CLANG_WARN_BOOL_CONVERSION = YES;
				CLANG_WARN_COMMA = YES;
				CLANG_WARN_CONSTANT_CONVERSION = YES;
				CLANG_WARN_DEPRECATED_OBJC_IMPLEMENTATIONS = YES;
				CLANG_WARN_DIRECT_OBJC_ISA_USAGE = YES_ERROR;
				CLANG_WARN_DOCUMENTATION_COMMENTS = YES;
				CLANG_WARN_EMPTY_BODY = YES;
				CLANG_WARN_ENUM_CONVERSION = YES;
				CLANG_WARN_INFINITE_RECURSION = YES;
				CLANG_WARN_INT_CONVERSION = YES;
				CLANG_WARN_NON_LITERAL_NULL_CONVERSION = YES;
				CLANG_WARN_OBJC_IMPLICIT_RETAIN_SELF = YES;
				CLANG_WARN_OBJC_LITERAL_CONVERSION = YES;
				CLANG_WARN_OBJC_ROOT_CLASS = YES_ERROR;
				CLANG_WARN_QUOTED_INCLUDE_IN_FRAMEWORK_HEADER = YES;
				CLANG_WARN_RANGE_LOOP_ANALYSIS = YES;
				CLANG_WARN_STRICT_PROTOTYPES = YES;
				CLANG_WARN_SUSPICIOUS_MOVE = YES;
				CLANG_WARN_UNGUARDED_AVAILABILITY = YES_AGGRESSIVE;
				CLANG_WARN_UNREACHABLE_CODE = YES;
				CLANG_WARN__DUPLICATE_METHOD_MATCH = YES;
				COPY_PHASE_STRIP = NO;
				DEBUG_INFORMATION_FORMAT = "dwarf-with-dsym";
				ENABLE_NS_ASSERTIONS = NO;
				ENABLE_STRICT_OBJC_MSGSEND = YES;
				ENABLE_USER_SCRIPT_SANDBOXING = YES;
				GCC_C_LANGUAGE_STANDARD = gnu17;
				GCC_NO_COMMON_BLOCKS = YES;
				GCC_WARN_64_TO_32_BIT_CONVERSION = YES;
				GCC_WARN_ABOUT_RETURN_TYPE = YES_ERROR;
				GCC_WARN_UNDECLARED_SELECTOR = YES;
				GCC_WARN_UNINITIALIZED_AUTOS = YES_AGGRESSIVE;
				GCC_WARN_UNUSED_FUNCTION = YES;
				GCC_WARN_UNUSED_VARIABLE = YES;
				IPHONEOS_DEPLOYMENT_TARGET = 17.4;
				LOCALIZATION_PREFERS_STRING_CATALOGS = YES;
				MTL_ENABLE_DEBUG_INFO = NO;
				MTL_FAST_MATH = YES;
				SDKROOT = iphoneos;
				SWIFT_COMPILATION_MODE = wholemodule;
				VALIDATE_PRODUCT = YES;
			};
			name = Release;
		};
		A04ED5DB2BD72639007703DD /* Debug */ = {
			isa = XCBuildConfiguration;
			buildSettings = {
				ASSETCATALOG_COMPILER_APPICON_NAME = AppIcon;
				ASSETCATALOG_COMPILER_GLOBAL_ACCENT_COLOR_NAME = AccentColor;
				CODE_SIGN_STYLE = Automatic;
				CURRENT_PROJECT_VERSION = 1;
				DEVELOPMENT_ASSET_PATHS = "\"Upkeep/Resources/Preview Content\"";
				DEVELOPMENT_TEAM = 48Q6PX46H2;
				ENABLE_PREVIEWS = YES;
				GENERATE_INFOPLIST_FILE = YES;
				INFOPLIST_KEY_UIApplicationSceneManifest_Generation = YES;
				INFOPLIST_KEY_UIApplicationSupportsIndirectInputEvents = YES;
				INFOPLIST_KEY_UILaunchScreen_Generation = YES;
				INFOPLIST_KEY_UISupportedInterfaceOrientations_iPad = "UIInterfaceOrientationPortrait UIInterfaceOrientationPortraitUpsideDown UIInterfaceOrientationLandscapeLeft UIInterfaceOrientationLandscapeRight";
				INFOPLIST_KEY_UISupportedInterfaceOrientations_iPhone = "UIInterfaceOrientationPortrait UIInterfaceOrientationLandscapeLeft UIInterfaceOrientationLandscapeRight";
				LD_RUNPATH_SEARCH_PATHS = (
					"$(inherited)",
					"@executable_path/Frameworks",
				);
				MARKETING_VERSION = 1.0;
				PRODUCT_BUNDLE_IDENTIFIER = mubranch.Upkeep;
				PRODUCT_NAME = "$(TARGET_NAME)";
				SWIFT_EMIT_LOC_STRINGS = YES;
				SWIFT_VERSION = 5.0;
				TARGETED_DEVICE_FAMILY = "1,2";
			};
			name = Debug;
		};
		A04ED5DC2BD72639007703DD /* Release */ = {
			isa = XCBuildConfiguration;
			buildSettings = {
				ASSETCATALOG_COMPILER_APPICON_NAME = AppIcon;
				ASSETCATALOG_COMPILER_GLOBAL_ACCENT_COLOR_NAME = AccentColor;
				CODE_SIGN_STYLE = Automatic;
				CURRENT_PROJECT_VERSION = 1;
				DEVELOPMENT_ASSET_PATHS = "\"Upkeep/Resources/Preview Content\"";
				DEVELOPMENT_TEAM = 48Q6PX46H2;
				ENABLE_PREVIEWS = YES;
				GENERATE_INFOPLIST_FILE = YES;
				INFOPLIST_KEY_UIApplicationSceneManifest_Generation = YES;
				INFOPLIST_KEY_UIApplicationSupportsIndirectInputEvents = YES;
				INFOPLIST_KEY_UILaunchScreen_Generation = YES;
				INFOPLIST_KEY_UISupportedInterfaceOrientations_iPad = "UIInterfaceOrientationPortrait UIInterfaceOrientationPortraitUpsideDown UIInterfaceOrientationLandscapeLeft UIInterfaceOrientationLandscapeRight";
				INFOPLIST_KEY_UISupportedInterfaceOrientations_iPhone = "UIInterfaceOrientationPortrait UIInterfaceOrientationLandscapeLeft UIInterfaceOrientationLandscapeRight";
				LD_RUNPATH_SEARCH_PATHS = (
					"$(inherited)",
					"@executable_path/Frameworks",
				);
				MARKETING_VERSION = 1.0;
				PRODUCT_BUNDLE_IDENTIFIER = mubranch.Upkeep;
				PRODUCT_NAME = "$(TARGET_NAME)";
				SWIFT_EMIT_LOC_STRINGS = YES;
				SWIFT_VERSION = 5.0;
				TARGETED_DEVICE_FAMILY = "1,2";
			};
			name = Release;
		};
		A04ED5DE2BD72639007703DD /* Debug */ = {
			isa = XCBuildConfiguration;
			buildSettings = {
				ALWAYS_EMBED_SWIFT_STANDARD_LIBRARIES = YES;
				BUNDLE_LOADER = "$(TEST_HOST)";
				CODE_SIGN_STYLE = Automatic;
				CURRENT_PROJECT_VERSION = 1;
				DEVELOPMENT_TEAM = 48Q6PX46H2;
				GENERATE_INFOPLIST_FILE = YES;
				IPHONEOS_DEPLOYMENT_TARGET = 17.4;
				MARKETING_VERSION = 1.0;
				PRODUCT_BUNDLE_IDENTIFIER = mubranch.UpkeepTests;
				PRODUCT_NAME = "$(TARGET_NAME)";
				SWIFT_EMIT_LOC_STRINGS = NO;
				SWIFT_VERSION = 5.0;
				TARGETED_DEVICE_FAMILY = "1,2";
				TEST_HOST = "$(BUILT_PRODUCTS_DIR)/Upkeep.app/$(BUNDLE_EXECUTABLE_FOLDER_PATH)/Upkeep";
			};
			name = Debug;
		};
		A04ED5DF2BD72639007703DD /* Release */ = {
			isa = XCBuildConfiguration;
			buildSettings = {
				ALWAYS_EMBED_SWIFT_STANDARD_LIBRARIES = YES;
				BUNDLE_LOADER = "$(TEST_HOST)";
				CODE_SIGN_STYLE = Automatic;
				CURRENT_PROJECT_VERSION = 1;
				DEVELOPMENT_TEAM = 48Q6PX46H2;
				GENERATE_INFOPLIST_FILE = YES;
				IPHONEOS_DEPLOYMENT_TARGET = 17.4;
				MARKETING_VERSION = 1.0;
				PRODUCT_BUNDLE_IDENTIFIER = mubranch.UpkeepTests;
				PRODUCT_NAME = "$(TARGET_NAME)";
				SWIFT_EMIT_LOC_STRINGS = NO;
				SWIFT_VERSION = 5.0;
				TARGETED_DEVICE_FAMILY = "1,2";
				TEST_HOST = "$(BUILT_PRODUCTS_DIR)/Upkeep.app/$(BUNDLE_EXECUTABLE_FOLDER_PATH)/Upkeep";
			};
			name = Release;
		};
		A04ED5E12BD72639007703DD /* Debug */ = {
			isa = XCBuildConfiguration;
			buildSettings = {
				ALWAYS_EMBED_SWIFT_STANDARD_LIBRARIES = YES;
				CODE_SIGN_STYLE = Automatic;
				CURRENT_PROJECT_VERSION = 1;
				DEVELOPMENT_TEAM = 48Q6PX46H2;
				GENERATE_INFOPLIST_FILE = YES;
				MARKETING_VERSION = 1.0;
				PRODUCT_BUNDLE_IDENTIFIER = mubranch.UpkeepUITests;
				PRODUCT_NAME = "$(TARGET_NAME)";
				SWIFT_EMIT_LOC_STRINGS = NO;
				SWIFT_VERSION = 5.0;
				TARGETED_DEVICE_FAMILY = "1,2";
				TEST_TARGET_NAME = Upkeep;
			};
			name = Debug;
		};
		A04ED5E22BD72639007703DD /* Release */ = {
			isa = XCBuildConfiguration;
			buildSettings = {
				ALWAYS_EMBED_SWIFT_STANDARD_LIBRARIES = YES;
				CODE_SIGN_STYLE = Automatic;
				CURRENT_PROJECT_VERSION = 1;
				DEVELOPMENT_TEAM = 48Q6PX46H2;
				GENERATE_INFOPLIST_FILE = YES;
				MARKETING_VERSION = 1.0;
				PRODUCT_BUNDLE_IDENTIFIER = mubranch.UpkeepUITests;
				PRODUCT_NAME = "$(TARGET_NAME)";
				SWIFT_EMIT_LOC_STRINGS = NO;
				SWIFT_VERSION = 5.0;
				TARGETED_DEVICE_FAMILY = "1,2";
				TEST_TARGET_NAME = Upkeep;
			};
			name = Release;
		};
/* End XCBuildConfiguration section */

/* Begin XCConfigurationList section */
		A04ED5AF2BD72635007703DD /* Build configuration list for PBXProject "Upkeep" */ = {
			isa = XCConfigurationList;
			buildConfigurations = (
				A04ED5D82BD72639007703DD /* Debug */,
				A04ED5D92BD72639007703DD /* Release */,
			);
			defaultConfigurationIsVisible = 0;
			defaultConfigurationName = Release;
		};
		A04ED5DA2BD72639007703DD /* Build configuration list for PBXNativeTarget "Upkeep" */ = {
			isa = XCConfigurationList;
			buildConfigurations = (
				A04ED5DB2BD72639007703DD /* Debug */,
				A04ED5DC2BD72639007703DD /* Release */,
			);
			defaultConfigurationIsVisible = 0;
			defaultConfigurationName = Release;
		};
		A04ED5DD2BD72639007703DD /* Build configuration list for PBXNativeTarget "UpkeepTests" */ = {
			isa = XCConfigurationList;
			buildConfigurations = (
				A04ED5DE2BD72639007703DD /* Debug */,
				A04ED5DF2BD72639007703DD /* Release */,
			);
			defaultConfigurationIsVisible = 0;
			defaultConfigurationName = Release;
		};
		A04ED5E02BD72639007703DD /* Build configuration list for PBXNativeTarget "UpkeepUITests" */ = {
			isa = XCConfigurationList;
			buildConfigurations = (
				A04ED5E12BD72639007703DD /* Debug */,
				A04ED5E22BD72639007703DD /* Release */,
			);
			defaultConfigurationIsVisible = 0;
			defaultConfigurationName = Release;
		};
/* End XCConfigurationList section */
	};
	rootObject = A04ED5AC2BD72635007703DD /* Project object */;
}
